
Microsoft Visual Studio Solution File, Format Version 12.00
# Visual Studio Version 17
VisualStudioVersion = 17.0.31903.59
MinimumVisualStudioVersion = 10.0.40219.1
Project("{FAE04EC0-301F-11D3-BF4B-00C04F79EFBC}") = "TaskCraft", "TaskCraft\TaskCraft.csproj", "{422CE8D2-06F3-4CA4-A7D2-4125A4659B26}"
EndProject
Project("{FAE04EC0-301F-11D3-BF4B-00C04F79EFBC}") = "WebApplication1", "..\asdasd\WebApplication1\WebApplication1.csproj", "{9D0463F1-42D2-4640-A4FB-0528F2114051}"
EndProject
Global
	GlobalSection(SolutionConfigurationPlatforms) = preSolution
		Debug|Any CPU = Debug|Any CPU
		Release|Any CPU = Release|Any CPU
	EndGlobalSection
	GlobalSection(SolutionProperties) = preSolution
		HideSolutionNode = FALSE
	EndGlobalSection
	GlobalSection(ProjectConfigurationPlatforms) = postSolution
		{422CE8D2-06F3-4CA4-A7D2-4125A4659B26}.Debug|Any CPU.ActiveCfg = Debug|Any CPU
		{422CE8D2-06F3-4CA4-A7D2-4125A4659B26}.Debug|Any CPU.Build.0 = Debug|Any CPU
		{422CE8D2-06F3-4CA4-A7D2-4125A4659B26}.Release|Any CPU.ActiveCfg = Release|Any CPU
		{422CE8D2-06F3-4CA4-A7D2-4125A4659B26}.Release|Any CPU.Build.0 = Release|Any CPU
		{9D0463F1-42D2-4640-A4FB-0528F2114051}.Debug|Any CPU.ActiveCfg = Debug|Any CPU
		{9D0463F1-42D2-4640-A4FB-0528F2114051}.Debug|Any CPU.Build.0 = Debug|Any CPU
		{9D0463F1-42D2-4640-A4FB-0528F2114051}.Release|Any CPU.ActiveCfg = Release|Any CPU
		{9D0463F1-42D2-4640-A4FB-0528F2114051}.Release|Any CPU.Build.0 = Release|Any CPU
	EndGlobalSection
EndGlobal
